// !$*UTF8*$!
{
	archiveVersion = 1;
	classes = {
	};
	objectVersion = 46;
	objects = {

/* Begin PBXBuildFile section */
		309A28431D4B9E80001AF7D2 /* AppDelegate.m in Sources */ = {isa = PBXBuildFile; fileRef = 309A28181D4B9E80001AF7D2 /* AppDelegate.m */; };
		309A28441D4B9E80001AF7D2 /* MainVC.m in Sources */ = {isa = PBXBuildFile; fileRef = 309A281B1D4B9E80001AF7D2 /* MainVC.m */; };
		309A28451D4B9E80001AF7D2 /* main.m in Sources */ = {isa = PBXBuildFile; fileRef = 309A281C1D4B9E80001AF7D2 /* main.m */; };
		309A28461D4B9E80001AF7D2 /* StudentUCInfoCell.m in Sources */ = {isa = PBXBuildFile; fileRef = 309A28261D4B9E80001AF7D2 /* StudentUCInfoCell.m */; };
		309A28471D4B9E80001AF7D2 /* StudentUCInfoCell.xib in Resources */ = {isa = PBXBuildFile; fileRef = 309A28271D4B9E80001AF7D2 /* StudentUCInfoCell.xib */; };
		309A28481D4B9E80001AF7D2 /* StudentUCTitleCell.m in Sources */ = {isa = PBXBuildFile; fileRef = 309A28291D4B9E80001AF7D2 /* StudentUCTitleCell.m */; };
		309A28491D4B9E80001AF7D2 /* StudentUCTitleCell.xib in Resources */ = {isa = PBXBuildFile; fileRef = 309A282A1D4B9E80001AF7D2 /* StudentUCTitleCell.xib */; };
		309A284A1D4B9E80001AF7D2 /* StudentUCVideoCell.m in Sources */ = {isa = PBXBuildFile; fileRef = 309A282C1D4B9E80001AF7D2 /* StudentUCVideoCell.m */; };
		309A284B1D4B9E80001AF7D2 /* StudentUCVideoCell.xib in Resources */ = {isa = PBXBuildFile; fileRef = 309A282D1D4B9E80001AF7D2 /* StudentUCVideoCell.xib */; };
		309A284C1D4B9E80001AF7D2 /* StudentUserCenterVC.m in Sources */ = {isa = PBXBuildFile; fileRef = 309A282F1D4B9E80001AF7D2 /* StudentUserCenterVC.m */; };
		309A284D1D4B9E80001AF7D2 /* TeacherUCInfoCell.m in Sources */ = {isa = PBXBuildFile; fileRef = 309A28331D4B9E80001AF7D2 /* TeacherUCInfoCell.m */; };
		309A284E1D4B9E80001AF7D2 /* TeacherUCInfoCell.xib in Resources */ = {isa = PBXBuildFile; fileRef = 309A28341D4B9E80001AF7D2 /* TeacherUCInfoCell.xib */; };
		309A284F1D4B9E80001AF7D2 /* TeacherUCMyOrderCell.m in Sources */ = {isa = PBXBuildFile; fileRef = 309A28361D4B9E80001AF7D2 /* TeacherUCMyOrderCell.m */; };
		309A28501D4B9E80001AF7D2 /* TeacherUCMyOrderCell.xib in Resources */ = {isa = PBXBuildFile; fileRef = 309A28371D4B9E80001AF7D2 /* TeacherUCMyOrderCell.xib */; };
		309A28511D4B9E80001AF7D2 /* TeacherUCMyPurchaseCell.m in Sources */ = {isa = PBXBuildFile; fileRef = 309A28391D4B9E80001AF7D2 /* TeacherUCMyPurchaseCell.m */; };
		309A28521D4B9E80001AF7D2 /* TeacherUCMyPurchaseCell.xib in Resources */ = {isa = PBXBuildFile; fileRef = 309A283A1D4B9E80001AF7D2 /* TeacherUCMyPurchaseCell.xib */; };
		309A28531D4B9E80001AF7D2 /* TeacherUCMyUploadCell.m in Sources */ = {isa = PBXBuildFile; fileRef = 309A283C1D4B9E80001AF7D2 /* TeacherUCMyUploadCell.m */; };
		309A28541D4B9E80001AF7D2 /* TeacherUCMyUploadCell.xib in Resources */ = {isa = PBXBuildFile; fileRef = 309A283D1D4B9E80001AF7D2 /* TeacherUCMyUploadCell.xib */; };
		309A28551D4B9E80001AF7D2 /* TeacherUCTitleCell.m in Sources */ = {isa = PBXBuildFile; fileRef = 309A283F1D4B9E80001AF7D2 /* TeacherUCTitleCell.m */; };
		309A28561D4B9E80001AF7D2 /* TeacherUCTitleCell.xib in Resources */ = {isa = PBXBuildFile; fileRef = 309A28401D4B9E80001AF7D2 /* TeacherUCTitleCell.xib */; };
		309A28571D4B9E80001AF7D2 /* TeacherUserCenterVC.m in Sources */ = {isa = PBXBuildFile; fileRef = 309A28421D4B9E80001AF7D2 /* TeacherUserCenterVC.m */; };
		309A286B1D4B9F85001AF7D2 /* MBProgressHUD+ETExtension.m in Sources */ = {isa = PBXBuildFile; fileRef = 309A285B1D4B9F85001AF7D2 /* MBProgressHUD+ETExtension.m */; };
		309A286C1D4B9F85001AF7D2 /* MBProgressHUD.bundle in Resources */ = {isa = PBXBuildFile; fileRef = 309A285C1D4B9F85001AF7D2 /* MBProgressHUD.bundle */; };
		309A286D1D4B9F85001AF7D2 /* NSArray+ETExtension.m in Sources */ = {isa = PBXBuildFile; fileRef = 309A285E1D4B9F85001AF7D2 /* NSArray+ETExtension.m */; };
		309A286E1D4B9F85001AF7D2 /* NSDate+ETExtension.m in Sources */ = {isa = PBXBuildFile; fileRef = 309A28601D4B9F85001AF7D2 /* NSDate+ETExtension.m */; };
		309A286F1D4B9F85001AF7D2 /* NSDictionary+ETExtension.m in Sources */ = {isa = PBXBuildFile; fileRef = 309A28621D4B9F85001AF7D2 /* NSDictionary+ETExtension.m */; };
		309A28701D4B9F85001AF7D2 /* NSString+ETExtension.m in Sources */ = {isa = PBXBuildFile; fileRef = 309A28641D4B9F85001AF7D2 /* NSString+ETExtension.m */; };
		309A28711D4B9F85001AF7D2 /* UIBarButtonItem+ETExtension.m in Sources */ = {isa = PBXBuildFile; fileRef = 309A28661D4B9F85001AF7D2 /* UIBarButtonItem+ETExtension.m */; };
		309A28721D4B9F85001AF7D2 /* UIImage+ETExtension.m in Sources */ = {isa = PBXBuildFile; fileRef = 309A28681D4B9F85001AF7D2 /* UIImage+ETExtension.m */; };
		309A28731D4B9F85001AF7D2 /* UIView+ETExtension.m in Sources */ = {isa = PBXBuildFile; fileRef = 309A286A1D4B9F85001AF7D2 /* UIView+ETExtension.m */; };
		9405358044B04AA4A2957353 /* libPods.a in Frameworks */ = {isa = PBXBuildFile; fileRef = C15A5C693B262D949EB2B10B /* libPods.a */; };
		9C6C4EF01D0EB1F400D91998 /* Assets.xcassets in Resources */ = {isa = PBXBuildFile; fileRef = 9C6C4EEF1D0EB1F400D91998 /* Assets.xcassets */; };
		9C6C4EF31D0EB1F400D91998 /* LaunchScreen.storyboard in Resources */ = {isa = PBXBuildFile; fileRef = 9C6C4EF11D0EB1F400D91998 /* LaunchScreen.storyboard */; };
		9C6C4EFE1D0EB1F400D91998 /* ETutorshipTests.m in Sources */ = {isa = PBXBuildFile; fileRef = 9C6C4EFD1D0EB1F400D91998 /* ETutorshipTests.m */; };
		9C6C4F091D0EB1F400D91998 /* ETutorshipUITests.m in Sources */ = {isa = PBXBuildFile; fileRef = 9C6C4F081D0EB1F400D91998 /* ETutorshipUITests.m */; };
/* End PBXBuildFile section */

/* Begin PBXContainerItemProxy section */
		9C6C4EFA1D0EB1F400D91998 /* PBXContainerItemProxy */ = {
			isa = PBXContainerItemProxy;
			containerPortal = 9C6C4ED81D0EB1F400D91998 /* Project object */;
			proxyType = 1;
			remoteGlobalIDString = 9C6C4EDF1D0EB1F400D91998;
			remoteInfo = ETutorship;
		};
		9C6C4F051D0EB1F400D91998 /* PBXContainerItemProxy */ = {
			isa = PBXContainerItemProxy;
			containerPortal = 9C6C4ED81D0EB1F400D91998 /* Project object */;
			proxyType = 1;
			remoteGlobalIDString = 9C6C4EDF1D0EB1F400D91998;
			remoteInfo = ETutorship;
		};
/* End PBXContainerItemProxy section */

/* Begin PBXFileReference section */
		309A28151D4B9E80001AF7D2 /* AppConfig.h */ = {isa = PBXFileReference; fileEncoding = 4; lastKnownFileType = sourcecode.c.h; path = AppConfig.h; sourceTree = "<group>"; };
		309A28171D4B9E80001AF7D2 /* AppDelegate.h */ = {isa = PBXFileReference; fileEncoding = 4; lastKnownFileType = sourcecode.c.h; path = AppDelegate.h; sourceTree = "<group>"; };
		309A28181D4B9E80001AF7D2 /* AppDelegate.m */ = {isa = PBXFileReference; fileEncoding = 4; lastKnownFileType = sourcecode.c.objc; path = AppDelegate.m; sourceTree = "<group>"; };
		309A281A1D4B9E80001AF7D2 /* MainVC.h */ = {isa = PBXFileReference; fileEncoding = 4; lastKnownFileType = sourcecode.c.h; path = MainVC.h; sourceTree = "<group>"; };
		309A281B1D4B9E80001AF7D2 /* MainVC.m */ = {isa = PBXFileReference; fileEncoding = 4; lastKnownFileType = sourcecode.c.objc; path = MainVC.m; sourceTree = "<group>"; };
		309A281C1D4B9E80001AF7D2 /* main.m */ = {isa = PBXFileReference; fileEncoding = 4; lastKnownFileType = sourcecode.c.objc; path = main.m; sourceTree = "<group>"; };
		309A28201D4B9E80001AF7D2 /* ETutorship-prefix.pch */ = {isa = PBXFileReference; fileEncoding = 4; lastKnownFileType = sourcecode.c.h; name = "ETutorship-prefix.pch"; path = "Other/ETutorship-prefix.pch"; sourceTree = "<group>"; };
		309A28251D4B9E80001AF7D2 /* StudentUCInfoCell.h */ = {isa = PBXFileReference; fileEncoding = 4; lastKnownFileType = sourcecode.c.h; path = StudentUCInfoCell.h; sourceTree = "<group>"; };
		309A28261D4B9E80001AF7D2 /* StudentUCInfoCell.m */ = {isa = PBXFileReference; fileEncoding = 4; lastKnownFileType = sourcecode.c.objc; path = StudentUCInfoCell.m; sourceTree = "<group>"; };
		309A28271D4B9E80001AF7D2 /* StudentUCInfoCell.xib */ = {isa = PBXFileReference; fileEncoding = 4; lastKnownFileType = file.xib; path = StudentUCInfoCell.xib; sourceTree = "<group>"; };
		309A28281D4B9E80001AF7D2 /* StudentUCTitleCell.h */ = {isa = PBXFileReference; fileEncoding = 4; lastKnownFileType = sourcecode.c.h; path = StudentUCTitleCell.h; sourceTree = "<group>"; };
		309A28291D4B9E80001AF7D2 /* StudentUCTitleCell.m */ = {isa = PBXFileReference; fileEncoding = 4; lastKnownFileType = sourcecode.c.objc; path = StudentUCTitleCell.m; sourceTree = "<group>"; };
		309A282A1D4B9E80001AF7D2 /* StudentUCTitleCell.xib */ = {isa = PBXFileReference; fileEncoding = 4; lastKnownFileType = file.xib; path = StudentUCTitleCell.xib; sourceTree = "<group>"; };
		309A282B1D4B9E80001AF7D2 /* StudentUCVideoCell.h */ = {isa = PBXFileReference; fileEncoding = 4; lastKnownFileType = sourcecode.c.h; path = StudentUCVideoCell.h; sourceTree = "<group>"; };
		309A282C1D4B9E80001AF7D2 /* StudentUCVideoCell.m */ = {isa = PBXFileReference; fileEncoding = 4; lastKnownFileType = sourcecode.c.objc; path = StudentUCVideoCell.m; sourceTree = "<group>"; };
		309A282D1D4B9E80001AF7D2 /* StudentUCVideoCell.xib */ = {isa = PBXFileReference; fileEncoding = 4; lastKnownFileType = file.xib; path = StudentUCVideoCell.xib; sourceTree = "<group>"; };
		309A282E1D4B9E80001AF7D2 /* StudentUserCenterVC.h */ = {isa = PBXFileReference; fileEncoding = 4; lastKnownFileType = sourcecode.c.h; path = StudentUserCenterVC.h; sourceTree = "<group>"; };
		309A282F1D4B9E80001AF7D2 /* StudentUserCenterVC.m */ = {isa = PBXFileReference; fileEncoding = 4; lastKnownFileType = sourcecode.c.objc; path = StudentUserCenterVC.m; sourceTree = "<group>"; };
		309A28321D4B9E80001AF7D2 /* TeacherUCInfoCell.h */ = {isa = PBXFileReference; fileEncoding = 4; lastKnownFileType = sourcecode.c.h; path = TeacherUCInfoCell.h; sourceTree = "<group>"; };
		309A28331D4B9E80001AF7D2 /* TeacherUCInfoCell.m */ = {isa = PBXFileReference; fileEncoding = 4; lastKnownFileType = sourcecode.c.objc; path = TeacherUCInfoCell.m; sourceTree = "<group>"; };
		309A28341D4B9E80001AF7D2 /* TeacherUCInfoCell.xib */ = {isa = PBXFileReference; fileEncoding = 4; lastKnownFileType = file.xib; path = TeacherUCInfoCell.xib; sourceTree = "<group>"; };
		309A28351D4B9E80001AF7D2 /* TeacherUCMyOrderCell.h */ = {isa = PBXFileReference; fileEncoding = 4; lastKnownFileType = sourcecode.c.h; path = TeacherUCMyOrderCell.h; sourceTree = "<group>"; };
		309A28361D4B9E80001AF7D2 /* TeacherUCMyOrderCell.m */ = {isa = PBXFileReference; fileEncoding = 4; lastKnownFileType = sourcecode.c.objc; path = TeacherUCMyOrderCell.m; sourceTree = "<group>"; };
		309A28371D4B9E80001AF7D2 /* TeacherUCMyOrderCell.xib */ = {isa = PBXFileReference; fileEncoding = 4; lastKnownFileType = file.xib; path = TeacherUCMyOrderCell.xib; sourceTree = "<group>"; };
		309A28381D4B9E80001AF7D2 /* TeacherUCMyPurchaseCell.h */ = {isa = PBXFileReference; fileEncoding = 4; lastKnownFileType = sourcecode.c.h; path = TeacherUCMyPurchaseCell.h; sourceTree = "<group>"; };
		309A28391D4B9E80001AF7D2 /* TeacherUCMyPurchaseCell.m */ = {isa = PBXFileReference; fileEncoding = 4; lastKnownFileType = sourcecode.c.objc; path = TeacherUCMyPurchaseCell.m; sourceTree = "<group>"; };
		309A283A1D4B9E80001AF7D2 /* TeacherUCMyPurchaseCell.xib */ = {isa = PBXFileReference; fileEncoding = 4; lastKnownFileType = file.xib; path = TeacherUCMyPurchaseCell.xib; sourceTree = "<group>"; };
		309A283B1D4B9E80001AF7D2 /* TeacherUCMyUploadCell.h */ = {isa = PBXFileReference; fileEncoding = 4; lastKnownFileType = sourcecode.c.h; path = TeacherUCMyUploadCell.h; sourceTree = "<group>"; };
		309A283C1D4B9E80001AF7D2 /* TeacherUCMyUploadCell.m */ = {isa = PBXFileReference; fileEncoding = 4; lastKnownFileType = sourcecode.c.objc; path = TeacherUCMyUploadCell.m; sourceTree = "<group>"; };
		309A283D1D4B9E80001AF7D2 /* TeacherUCMyUploadCell.xib */ = {isa = PBXFileReference; fileEncoding = 4; lastKnownFileType = file.xib; path = TeacherUCMyUploadCell.xib; sourceTree = "<group>"; };
		309A283E1D4B9E80001AF7D2 /* TeacherUCTitleCell.h */ = {isa = PBXFileReference; fileEncoding = 4; lastKnownFileType = sourcecode.c.h; path = TeacherUCTitleCell.h; sourceTree = "<group>"; };
		309A283F1D4B9E80001AF7D2 /* TeacherUCTitleCell.m */ = {isa = PBXFileReference; fileEncoding = 4; lastKnownFileType = sourcecode.c.objc; path = TeacherUCTitleCell.m; sourceTree = "<group>"; };
		309A28401D4B9E80001AF7D2 /* TeacherUCTitleCell.xib */ = {isa = PBXFileReference; fileEncoding = 4; lastKnownFileType = file.xib; path = TeacherUCTitleCell.xib; sourceTree = "<group>"; };
		309A28411D4B9E80001AF7D2 /* TeacherUserCenterVC.h */ = {isa = PBXFileReference; fileEncoding = 4; lastKnownFileType = sourcecode.c.h; path = TeacherUserCenterVC.h; sourceTree = "<group>"; };
		309A28421D4B9E80001AF7D2 /* TeacherUserCenterVC.m */ = {isa = PBXFileReference; fileEncoding = 4; lastKnownFileType = sourcecode.c.objc; path = TeacherUserCenterVC.m; sourceTree = "<group>"; };
		309A28591D4B9F85001AF7D2 /* ETSingleton.h */ = {isa = PBXFileReference; fileEncoding = 4; lastKnownFileType = sourcecode.c.h; path = ETSingleton.h; sourceTree = "<group>"; };
		309A285A1D4B9F85001AF7D2 /* MBProgressHUD+ETExtension.h */ = {isa = PBXFileReference; fileEncoding = 4; lastKnownFileType = sourcecode.c.h; path = "MBProgressHUD+ETExtension.h"; sourceTree = "<group>"; };
		309A285B1D4B9F85001AF7D2 /* MBProgressHUD+ETExtension.m */ = {isa = PBXFileReference; fileEncoding = 4; lastKnownFileType = sourcecode.c.objc; path = "MBProgressHUD+ETExtension.m"; sourceTree = "<group>"; };
		309A285C1D4B9F85001AF7D2 /* MBProgressHUD.bundle */ = {isa = PBXFileReference; lastKnownFileType = "wrapper.plug-in"; path = MBProgressHUD.bundle; sourceTree = "<group>"; };
		309A285D1D4B9F85001AF7D2 /* NSArray+ETExtension.h */ = {isa = PBXFileReference; fileEncoding = 4; lastKnownFileType = sourcecode.c.h; path = "NSArray+ETExtension.h"; sourceTree = "<group>"; };
		309A285E1D4B9F85001AF7D2 /* NSArray+ETExtension.m */ = {isa = PBXFileReference; fileEncoding = 4; lastKnownFileType = sourcecode.c.objc; path = "NSArray+ETExtension.m"; sourceTree = "<group>"; };
		309A285F1D4B9F85001AF7D2 /* NSDate+ETExtension.h */ = {isa = PBXFileReference; fileEncoding = 4; lastKnownFileType = sourcecode.c.h; path = "NSDate+ETExtension.h"; sourceTree = "<group>"; };
		309A28601D4B9F85001AF7D2 /* NSDate+ETExtension.m */ = {isa = PBXFileReference; fileEncoding = 4; lastKnownFileType = sourcecode.c.objc; path = "NSDate+ETExtension.m"; sourceTree = "<group>"; };
		309A28611D4B9F85001AF7D2 /* NSDictionary+ETExtension.h */ = {isa = PBXFileReference; fileEncoding = 4; lastKnownFileType = sourcecode.c.h; path = "NSDictionary+ETExtension.h"; sourceTree = "<group>"; };
		309A28621D4B9F85001AF7D2 /* NSDictionary+ETExtension.m */ = {isa = PBXFileReference; fileEncoding = 4; lastKnownFileType = sourcecode.c.objc; path = "NSDictionary+ETExtension.m"; sourceTree = "<group>"; };
		309A28631D4B9F85001AF7D2 /* NSString+ETExtension.h */ = {isa = PBXFileReference; fileEncoding = 4; lastKnownFileType = sourcecode.c.h; path = "NSString+ETExtension.h"; sourceTree = "<group>"; };
		309A28641D4B9F85001AF7D2 /* NSString+ETExtension.m */ = {isa = PBXFileReference; fileEncoding = 4; lastKnownFileType = sourcecode.c.objc; path = "NSString+ETExtension.m"; sourceTree = "<group>"; };
		309A28651D4B9F85001AF7D2 /* UIBarButtonItem+ETExtension.h */ = {isa = PBXFileReference; fileEncoding = 4; lastKnownFileType = sourcecode.c.h; path = "UIBarButtonItem+ETExtension.h"; sourceTree = "<group>"; };
		309A28661D4B9F85001AF7D2 /* UIBarButtonItem+ETExtension.m */ = {isa = PBXFileReference; fileEncoding = 4; lastKnownFileType = sourcecode.c.objc; path = "UIBarButtonItem+ETExtension.m"; sourceTree = "<group>"; };
		309A28671D4B9F85001AF7D2 /* UIImage+ETExtension.h */ = {isa = PBXFileReference; fileEncoding = 4; lastKnownFileType = sourcecode.c.h; path = "UIImage+ETExtension.h"; sourceTree = "<group>"; };
		309A28681D4B9F85001AF7D2 /* UIImage+ETExtension.m */ = {isa = PBXFileReference; fileEncoding = 4; lastKnownFileType = sourcecode.c.objc; path = "UIImage+ETExtension.m"; sourceTree = "<group>"; };
		309A28691D4B9F85001AF7D2 /* UIView+ETExtension.h */ = {isa = PBXFileReference; fileEncoding = 4; lastKnownFileType = sourcecode.c.h; path = "UIView+ETExtension.h"; sourceTree = "<group>"; };
		309A286A1D4B9F85001AF7D2 /* UIView+ETExtension.m */ = {isa = PBXFileReference; fileEncoding = 4; lastKnownFileType = sourcecode.c.objc; path = "UIView+ETExtension.m"; sourceTree = "<group>"; };
		526F1EF6B38B00E776F7D8E0 /* Pods.debug.xcconfig */ = {isa = PBXFileReference; includeInIndex = 1; lastKnownFileType = text.xcconfig; name = Pods.debug.xcconfig; path = "Pods/Target Support Files/Pods/Pods.debug.xcconfig"; sourceTree = "<group>"; };
		752C5A9E0EFF9E9400BB01E8 /* Pods.release.xcconfig */ = {isa = PBXFileReference; includeInIndex = 1; lastKnownFileType = text.xcconfig; name = Pods.release.xcconfig; path = "Pods/Target Support Files/Pods/Pods.release.xcconfig"; sourceTree = "<group>"; };
		9C6C4EE01D0EB1F400D91998 /* ETutorship.app */ = {isa = PBXFileReference; explicitFileType = wrapper.application; includeInIndex = 0; path = ETutorship.app; sourceTree = BUILT_PRODUCTS_DIR; };
		9C6C4EEF1D0EB1F400D91998 /* Assets.xcassets */ = {isa = PBXFileReference; lastKnownFileType = folder.assetcatalog; path = Assets.xcassets; sourceTree = "<group>"; };
		9C6C4EF21D0EB1F400D91998 /* Base */ = {isa = PBXFileReference; lastKnownFileType = file.storyboard; name = Base; path = Base.lproj/LaunchScreen.storyboard; sourceTree = "<group>"; };
		9C6C4EF41D0EB1F400D91998 /* Info.plist */ = {isa = PBXFileReference; lastKnownFileType = text.plist.xml; path = Info.plist; sourceTree = "<group>"; };
		9C6C4EF91D0EB1F400D91998 /* ETutorshipTests.xctest */ = {isa = PBXFileReference; explicitFileType = wrapper.cfbundle; includeInIndex = 0; path = ETutorshipTests.xctest; sourceTree = BUILT_PRODUCTS_DIR; };
		9C6C4EFD1D0EB1F400D91998 /* ETutorshipTests.m */ = {isa = PBXFileReference; lastKnownFileType = sourcecode.c.objc; path = ETutorshipTests.m; sourceTree = "<group>"; };
		9C6C4EFF1D0EB1F400D91998 /* Info.plist */ = {isa = PBXFileReference; lastKnownFileType = text.plist.xml; path = Info.plist; sourceTree = "<group>"; };
		9C6C4F041D0EB1F400D91998 /* ETutorshipUITests.xctest */ = {isa = PBXFileReference; explicitFileType = wrapper.cfbundle; includeInIndex = 0; path = ETutorshipUITests.xctest; sourceTree = BUILT_PRODUCTS_DIR; };
		9C6C4F081D0EB1F400D91998 /* ETutorshipUITests.m */ = {isa = PBXFileReference; lastKnownFileType = sourcecode.c.objc; path = ETutorshipUITests.m; sourceTree = "<group>"; };
		9C6C4F0A1D0EB1F400D91998 /* Info.plist */ = {isa = PBXFileReference; lastKnownFileType = text.plist.xml; path = Info.plist; sourceTree = "<group>"; };
		C15A5C693B262D949EB2B10B /* libPods.a */ = {isa = PBXFileReference; explicitFileType = archive.ar; includeInIndex = 0; path = libPods.a; sourceTree = BUILT_PRODUCTS_DIR; };
/* End PBXFileReference section */

/* Begin PBXFrameworksBuildPhase section */
		9C6C4EDD1D0EB1F400D91998 /* Frameworks */ = {
			isa = PBXFrameworksBuildPhase;
			buildActionMask = 2147483647;
			files = (
				9405358044B04AA4A2957353 /* libPods.a in Frameworks */,
			);
			runOnlyForDeploymentPostprocessing = 0;
		};
		9C6C4EF61D0EB1F400D91998 /* Frameworks */ = {
			isa = PBXFrameworksBuildPhase;
			buildActionMask = 2147483647;
			files = (
			);
			runOnlyForDeploymentPostprocessing = 0;
		};
		9C6C4F011D0EB1F400D91998 /* Frameworks */ = {
			isa = PBXFrameworksBuildPhase;
			buildActionMask = 2147483647;
			files = (
			);
			runOnlyForDeploymentPostprocessing = 0;
		};
/* End PBXFrameworksBuildPhase section */

/* Begin PBXGroup section */
		309A28131D4B9E80001AF7D2 /* Classes */ = {
			isa = PBXGroup;
			children = (
				309A28141D4B9E80001AF7D2 /* AppConfig */,
				309A28161D4B9E80001AF7D2 /* Main */,
				309A281F1D4B9E80001AF7D2 /* Other */,
				309A28201D4B9E80001AF7D2 /* ETutorship-prefix.pch */,
				309A28221D4B9E80001AF7D2 /* UserCenter */,
			);
			path = Classes;
			sourceTree = "<group>";
		};
		309A28141D4B9E80001AF7D2 /* AppConfig */ = {
			isa = PBXGroup;
			children = (
				309A28151D4B9E80001AF7D2 /* AppConfig.h */,
			);
			path = AppConfig;
			sourceTree = "<group>";
		};
		309A28161D4B9E80001AF7D2 /* Main */ = {
			isa = PBXGroup;
			children = (
				309A281C1D4B9E80001AF7D2 /* main.m */,
				309A28171D4B9E80001AF7D2 /* AppDelegate.h */,
				309A28181D4B9E80001AF7D2 /* AppDelegate.m */,
				309A28191D4B9E80001AF7D2 /* Controller */,
				309A281D1D4B9E80001AF7D2 /* Model */,
				309A281E1D4B9E80001AF7D2 /* View */,
			);
			path = Main;
			sourceTree = "<group>";
		};
		309A28191D4B9E80001AF7D2 /* Controller */ = {
			isa = PBXGroup;
			children = (
				309A281A1D4B9E80001AF7D2 /* MainVC.h */,
				309A281B1D4B9E80001AF7D2 /* MainVC.m */,
			);
			path = Controller;
			sourceTree = "<group>";
		};
		309A281D1D4B9E80001AF7D2 /* Model */ = {
			isa = PBXGroup;
			children = (
			);
			path = Model;
			sourceTree = "<group>";
		};
		309A281E1D4B9E80001AF7D2 /* View */ = {
			isa = PBXGroup;
			children = (
			);
			path = View;
			sourceTree = "<group>";
		};
		309A281F1D4B9E80001AF7D2 /* Other */ = {
			isa = PBXGroup;
			children = (
				309A28581D4B9F85001AF7D2 /* Category */,
				309A28211D4B9E80001AF7D2 /* Lib */,
			);
			path = Other;
			sourceTree = "<group>";
		};
		309A28211D4B9E80001AF7D2 /* Lib */ = {
			isa = PBXGroup;
			children = (
			);
			path = Lib;
			sourceTree = "<group>";
		};
		309A28221D4B9E80001AF7D2 /* UserCenter */ = {
			isa = PBXGroup;
			children = (
				309A28231D4B9E80001AF7D2 /* Student */,
				309A28301D4B9E80001AF7D2 /* Teacher */,
			);
			path = UserCenter;
			sourceTree = "<group>";
		};
		309A28231D4B9E80001AF7D2 /* Student */ = {
			isa = PBXGroup;
			children = (
				309A28241D4B9E80001AF7D2 /* Cell */,
				309A282E1D4B9E80001AF7D2 /* StudentUserCenterVC.h */,
				309A282F1D4B9E80001AF7D2 /* StudentUserCenterVC.m */,
			);
			path = Student;
			sourceTree = "<group>";
		};
		309A28241D4B9E80001AF7D2 /* Cell */ = {
			isa = PBXGroup;
			children = (
				309A28251D4B9E80001AF7D2 /* StudentUCInfoCell.h */,
				309A28261D4B9E80001AF7D2 /* StudentUCInfoCell.m */,
				309A28271D4B9E80001AF7D2 /* StudentUCInfoCell.xib */,
				309A28281D4B9E80001AF7D2 /* StudentUCTitleCell.h */,
				309A28291D4B9E80001AF7D2 /* StudentUCTitleCell.m */,
				309A282A1D4B9E80001AF7D2 /* StudentUCTitleCell.xib */,
				309A282B1D4B9E80001AF7D2 /* StudentUCVideoCell.h */,
				309A282C1D4B9E80001AF7D2 /* StudentUCVideoCell.m */,
				309A282D1D4B9E80001AF7D2 /* StudentUCVideoCell.xib */,
			);
			path = Cell;
			sourceTree = "<group>";
		};
		309A28301D4B9E80001AF7D2 /* Teacher */ = {
			isa = PBXGroup;
			children = (
				309A28311D4B9E80001AF7D2 /* Cell */,
				309A28411D4B9E80001AF7D2 /* TeacherUserCenterVC.h */,
				309A28421D4B9E80001AF7D2 /* TeacherUserCenterVC.m */,
			);
			path = Teacher;
			sourceTree = "<group>";
		};
		309A28311D4B9E80001AF7D2 /* Cell */ = {
			isa = PBXGroup;
			children = (
				309A28321D4B9E80001AF7D2 /* TeacherUCInfoCell.h */,
				309A28331D4B9E80001AF7D2 /* TeacherUCInfoCell.m */,
				309A28341D4B9E80001AF7D2 /* TeacherUCInfoCell.xib */,
				309A28351D4B9E80001AF7D2 /* TeacherUCMyOrderCell.h */,
				309A28361D4B9E80001AF7D2 /* TeacherUCMyOrderCell.m */,
				309A28371D4B9E80001AF7D2 /* TeacherUCMyOrderCell.xib */,
				309A28381D4B9E80001AF7D2 /* TeacherUCMyPurchaseCell.h */,
				309A28391D4B9E80001AF7D2 /* TeacherUCMyPurchaseCell.m */,
				309A283A1D4B9E80001AF7D2 /* TeacherUCMyPurchaseCell.xib */,
				309A283B1D4B9E80001AF7D2 /* TeacherUCMyUploadCell.h */,
				309A283C1D4B9E80001AF7D2 /* TeacherUCMyUploadCell.m */,
				309A283D1D4B9E80001AF7D2 /* TeacherUCMyUploadCell.xib */,
				309A283E1D4B9E80001AF7D2 /* TeacherUCTitleCell.h */,
				309A283F1D4B9E80001AF7D2 /* TeacherUCTitleCell.m */,
				309A28401D4B9E80001AF7D2 /* TeacherUCTitleCell.xib */,
			);
			path = Cell;
			sourceTree = "<group>";
		};
		309A28581D4B9F85001AF7D2 /* Category */ = {
			isa = PBXGroup;
			children = (
				309A28591D4B9F85001AF7D2 /* ETSingleton.h */,
				309A285A1D4B9F85001AF7D2 /* MBProgressHUD+ETExtension.h */,
				309A285B1D4B9F85001AF7D2 /* MBProgressHUD+ETExtension.m */,
				309A285C1D4B9F85001AF7D2 /* MBProgressHUD.bundle */,
				309A285D1D4B9F85001AF7D2 /* NSArray+ETExtension.h */,
				309A285E1D4B9F85001AF7D2 /* NSArray+ETExtension.m */,
				309A285F1D4B9F85001AF7D2 /* NSDate+ETExtension.h */,
				309A28601D4B9F85001AF7D2 /* NSDate+ETExtension.m */,
				309A28611D4B9F85001AF7D2 /* NSDictionary+ETExtension.h */,
				309A28621D4B9F85001AF7D2 /* NSDictionary+ETExtension.m */,
				309A28631D4B9F85001AF7D2 /* NSString+ETExtension.h */,
				309A28641D4B9F85001AF7D2 /* NSString+ETExtension.m */,
				309A28651D4B9F85001AF7D2 /* UIBarButtonItem+ETExtension.h */,
				309A28661D4B9F85001AF7D2 /* UIBarButtonItem+ETExtension.m */,
				309A28671D4B9F85001AF7D2 /* UIImage+ETExtension.h */,
				309A28681D4B9F85001AF7D2 /* UIImage+ETExtension.m */,
				309A28691D4B9F85001AF7D2 /* UIView+ETExtension.h */,
				309A286A1D4B9F85001AF7D2 /* UIView+ETExtension.m */,
			);
			path = Category;
			sourceTree = "<group>";
		};
		4EB012A05AC01D7A6D43B366 /* Frameworks */ = {
			isa = PBXGroup;
			children = (
				C15A5C693B262D949EB2B10B /* libPods.a */,
			);
			name = Frameworks;
			sourceTree = "<group>";
		};
		9B89812B7DCC8B96CAFA79D0 /* Pods */ = {
			isa = PBXGroup;
			children = (
				526F1EF6B38B00E776F7D8E0 /* Pods.debug.xcconfig */,
				752C5A9E0EFF9E9400BB01E8 /* Pods.release.xcconfig */,
			);
			name = Pods;
			sourceTree = "<group>";
		};
		9C6C4ED71D0EB1F400D91998 = {
			isa = PBXGroup;
			children = (
				9C6C4EE21D0EB1F400D91998 /* ETutorship */,
				9C6C4EFC1D0EB1F400D91998 /* ETutorshipTests */,
				9C6C4F071D0EB1F400D91998 /* ETutorshipUITests */,
				9C6C4EE11D0EB1F400D91998 /* Products */,
				9B89812B7DCC8B96CAFA79D0 /* Pods */,
				4EB012A05AC01D7A6D43B366 /* Frameworks */,
			);
			sourceTree = "<group>";
		};
		9C6C4EE11D0EB1F400D91998 /* Products */ = {
			isa = PBXGroup;
			children = (
				9C6C4EE01D0EB1F400D91998 /* ETutorship.app */,
				9C6C4EF91D0EB1F400D91998 /* ETutorshipTests.xctest */,
				9C6C4F041D0EB1F400D91998 /* ETutorshipUITests.xctest */,
			);
			name = Products;
			sourceTree = "<group>";
		};
		9C6C4EE21D0EB1F400D91998 /* ETutorship */ = {
			isa = PBXGroup;
			children = (
				309A28131D4B9E80001AF7D2 /* Classes */,
				9C6C4EEF1D0EB1F400D91998 /* Assets.xcassets */,
				9C6C4EF11D0EB1F400D91998 /* LaunchScreen.storyboard */,
				9C6C4EE31D0EB1F400D91998 /* Supporting Files */,
			);
			path = ETutorship;
			sourceTree = "<group>";
		};
		9C6C4EE31D0EB1F400D91998 /* Supporting Files */ = {
			isa = PBXGroup;
			children = (
				9C6C4EF41D0EB1F400D91998 /* Info.plist */,
			);
			name = "Supporting Files";
			sourceTree = "<group>";
		};
		9C6C4EFC1D0EB1F400D91998 /* ETutorshipTests */ = {
			isa = PBXGroup;
			children = (
				9C6C4EFD1D0EB1F400D91998 /* ETutorshipTests.m */,
				9C6C4EFF1D0EB1F400D91998 /* Info.plist */,
			);
			path = ETutorshipTests;
			sourceTree = "<group>";
		};
		9C6C4F071D0EB1F400D91998 /* ETutorshipUITests */ = {
			isa = PBXGroup;
			children = (
				9C6C4F081D0EB1F400D91998 /* ETutorshipUITests.m */,
				9C6C4F0A1D0EB1F400D91998 /* Info.plist */,
			);
			path = ETutorshipUITests;
			sourceTree = "<group>";
		};
/* End PBXGroup section */

/* Begin PBXNativeTarget section */
		9C6C4EDF1D0EB1F400D91998 /* ETutorship */ = {
			isa = PBXNativeTarget;
			buildConfigurationList = 9C6C4F0D1D0EB1F400D91998 /* Build configuration list for PBXNativeTarget "ETutorship" */;
			buildPhases = (
				D11B7A7A3E92DA1A48CD904B /* Check Pods Manifest.lock */,
				9C6C4EDC1D0EB1F400D91998 /* Sources */,
				9C6C4EDD1D0EB1F400D91998 /* Frameworks */,
				9C6C4EDE1D0EB1F400D91998 /* Resources */,
				165846D6AFE82943F6B6283C /* Embed Pods Frameworks */,
				D789F30B7B9C4046A2CD8A73 /* Copy Pods Resources */,
			);
			buildRules = (
			);
			dependencies = (
			);
			name = ETutorship;
			productName = ETutorship;
			productReference = 9C6C4EE01D0EB1F400D91998 /* ETutorship.app */;
			productType = "com.apple.product-type.application";
		};
		9C6C4EF81D0EB1F400D91998 /* ETutorshipTests */ = {
			isa = PBXNativeTarget;
			buildConfigurationList = 9C6C4F101D0EB1F400D91998 /* Build configuration list for PBXNativeTarget "ETutorshipTests" */;
			buildPhases = (
				9C6C4EF51D0EB1F400D91998 /* Sources */,
				9C6C4EF61D0EB1F400D91998 /* Frameworks */,
				9C6C4EF71D0EB1F400D91998 /* Resources */,
			);
			buildRules = (
			);
			dependencies = (
				9C6C4EFB1D0EB1F400D91998 /* PBXTargetDependency */,
			);
			name = ETutorshipTests;
			productName = ETutorshipTests;
			productReference = 9C6C4EF91D0EB1F400D91998 /* ETutorshipTests.xctest */;
			productType = "com.apple.product-type.bundle.unit-test";
		};
		9C6C4F031D0EB1F400D91998 /* ETutorshipUITests */ = {
			isa = PBXNativeTarget;
			buildConfigurationList = 9C6C4F131D0EB1F400D91998 /* Build configuration list for PBXNativeTarget "ETutorshipUITests" */;
			buildPhases = (
				9C6C4F001D0EB1F400D91998 /* Sources */,
				9C6C4F011D0EB1F400D91998 /* Frameworks */,
				9C6C4F021D0EB1F400D91998 /* Resources */,
			);
			buildRules = (
			);
			dependencies = (
				9C6C4F061D0EB1F400D91998 /* PBXTargetDependency */,
			);
			name = ETutorshipUITests;
			productName = ETutorshipUITests;
			productReference = 9C6C4F041D0EB1F400D91998 /* ETutorshipUITests.xctest */;
			productType = "com.apple.product-type.bundle.ui-testing";
		};
/* End PBXNativeTarget section */

/* Begin PBXProject section */
		9C6C4ED81D0EB1F400D91998 /* Project object */ = {
			isa = PBXProject;
			attributes = {
				CLASSPREFIX = ET;
				LastUpgradeCheck = 0730;
				ORGANIZATIONNAME = ETutorship;
				TargetAttributes = {
					9C6C4EDF1D0EB1F400D91998 = {
						CreatedOnToolsVersion = 7.3;
					};
					9C6C4EF81D0EB1F400D91998 = {
						CreatedOnToolsVersion = 7.3;
						TestTargetID = 9C6C4EDF1D0EB1F400D91998;
					};
					9C6C4F031D0EB1F400D91998 = {
						CreatedOnToolsVersion = 7.3;
						TestTargetID = 9C6C4EDF1D0EB1F400D91998;
					};
				};
			};
			buildConfigurationList = 9C6C4EDB1D0EB1F400D91998 /* Build configuration list for PBXProject "ETutorship" */;
			compatibilityVersion = "Xcode 3.2";
			developmentRegion = English;
			hasScannedForEncodings = 0;
			knownRegions = (
				en,
				Base,
			);
			mainGroup = 9C6C4ED71D0EB1F400D91998;
			productRefGroup = 9C6C4EE11D0EB1F400D91998 /* Products */;
			projectDirPath = "";
			projectRoot = "";
			targets = (
				9C6C4EDF1D0EB1F400D91998 /* ETutorship */,
				9C6C4EF81D0EB1F400D91998 /* ETutorshipTests */,
				9C6C4F031D0EB1F400D91998 /* ETutorshipUITests */,
			);
		};
/* End PBXProject section */

/* Begin PBXResourcesBuildPhase section */
		9C6C4EDE1D0EB1F400D91998 /* Resources */ = {
			isa = PBXResourcesBuildPhase;
			buildActionMask = 2147483647;
			files = (
				309A284E1D4B9E80001AF7D2 /* TeacherUCInfoCell.xib in Resources */,
				309A28521D4B9E80001AF7D2 /* TeacherUCMyPurchaseCell.xib in Resources */,
				309A28501D4B9E80001AF7D2 /* TeacherUCMyOrderCell.xib in Resources */,
				309A286C1D4B9F85001AF7D2 /* MBProgressHUD.bundle in Resources */,
				309A28561D4B9E80001AF7D2 /* TeacherUCTitleCell.xib in Resources */,
				309A28491D4B9E80001AF7D2 /* StudentUCTitleCell.xib in Resources */,
				9C6C4EF31D0EB1F400D91998 /* LaunchScreen.storyboard in Resources */,
				309A28541D4B9E80001AF7D2 /* TeacherUCMyUploadCell.xib in Resources */,
				9C6C4EF01D0EB1F400D91998 /* Assets.xcassets in Resources */,
				309A28471D4B9E80001AF7D2 /* StudentUCInfoCell.xib in Resources */,
				309A284B1D4B9E80001AF7D2 /* StudentUCVideoCell.xib in Resources */,
			);
			runOnlyForDeploymentPostprocessing = 0;
		};
		9C6C4EF71D0EB1F400D91998 /* Resources */ = {
			isa = PBXResourcesBuildPhase;
			buildActionMask = 2147483647;
			files = (
			);
			runOnlyForDeploymentPostprocessing = 0;
		};
		9C6C4F021D0EB1F400D91998 /* Resources */ = {
			isa = PBXResourcesBuildPhase;
			buildActionMask = 2147483647;
			files = (
			);
			runOnlyForDeploymentPostprocessing = 0;
		};
/* End PBXResourcesBuildPhase section */

/* Begin PBXShellScriptBuildPhase section */
		165846D6AFE82943F6B6283C /* Embed Pods Frameworks */ = {
			isa = PBXShellScriptBuildPhase;
			buildActionMask = 2147483647;
			files = (
			);
			inputPaths = (
			);
			name = "Embed Pods Frameworks";
			outputPaths = (
			);
			runOnlyForDeploymentPostprocessing = 0;
			shellPath = /bin/sh;
			shellScript = "\"${SRCROOT}/Pods/Target Support Files/Pods/Pods-frameworks.sh\"\n";
			showEnvVarsInLog = 0;
		};
		D11B7A7A3E92DA1A48CD904B /* Check Pods Manifest.lock */ = {
			isa = PBXShellScriptBuildPhase;
			buildActionMask = 2147483647;
			files = (
			);
			inputPaths = (
			);
			name = "Check Pods Manifest.lock";
			outputPaths = (
			);
			runOnlyForDeploymentPostprocessing = 0;
			shellPath = /bin/sh;
			shellScript = "diff \"${PODS_ROOT}/../Podfile.lock\" \"${PODS_ROOT}/Manifest.lock\" > /dev/null\nif [[ $? != 0 ]] ; then\n    cat << EOM\nerror: The sandbox is not in sync with the Podfile.lock. Run 'pod install' or update your CocoaPods installation.\nEOM\n    exit 1\nfi\n";
			showEnvVarsInLog = 0;
		};
		D789F30B7B9C4046A2CD8A73 /* Copy Pods Resources */ = {
			isa = PBXShellScriptBuildPhase;
			buildActionMask = 2147483647;
			files = (
			);
			inputPaths = (
			);
			name = "Copy Pods Resources";
			outputPaths = (
			);
			runOnlyForDeploymentPostprocessing = 0;
			shellPath = /bin/sh;
			shellScript = "\"${SRCROOT}/Pods/Target Support Files/Pods/Pods-resources.sh\"\n";
			showEnvVarsInLog = 0;
		};
/* End PBXShellScriptBuildPhase section */

/* Begin PBXSourcesBuildPhase section */
		9C6C4EDC1D0EB1F400D91998 /* Sources */ = {
			isa = PBXSourcesBuildPhase;
			buildActionMask = 2147483647;
			files = (
				309A28431D4B9E80001AF7D2 /* AppDelegate.m in Sources */,
				309A28511D4B9E80001AF7D2 /* TeacherUCMyPurchaseCell.m in Sources */,
				309A28461D4B9E80001AF7D2 /* StudentUCInfoCell.m in Sources */,
				309A28531D4B9E80001AF7D2 /* TeacherUCMyUploadCell.m in Sources */,
				309A286D1D4B9F85001AF7D2 /* NSArray+ETExtension.m in Sources */,
				309A28711D4B9F85001AF7D2 /* UIBarButtonItem+ETExtension.m in Sources */,
				309A28451D4B9E80001AF7D2 /* main.m in Sources */,
				309A28731D4B9F85001AF7D2 /* UIView+ETExtension.m in Sources */,
				309A28441D4B9E80001AF7D2 /* MainVC.m in Sources */,
				309A28571D4B9E80001AF7D2 /* TeacherUserCenterVC.m in Sources */,
				309A28701D4B9F85001AF7D2 /* NSString+ETExtension.m in Sources */,
				309A28721D4B9F85001AF7D2 /* UIImage+ETExtension.m in Sources */,
				309A286F1D4B9F85001AF7D2 /* NSDictionary+ETExtension.m in Sources */,
				309A284C1D4B9E80001AF7D2 /* StudentUserCenterVC.m in Sources */,
				309A284F1D4B9E80001AF7D2 /* TeacherUCMyOrderCell.m in Sources */,
				309A28481D4B9E80001AF7D2 /* StudentUCTitleCell.m in Sources */,
				309A28551D4B9E80001AF7D2 /* TeacherUCTitleCell.m in Sources */,
				309A284D1D4B9E80001AF7D2 /* TeacherUCInfoCell.m in Sources */,
				309A286B1D4B9F85001AF7D2 /* MBProgressHUD+ETExtension.m in Sources */,
				309A284A1D4B9E80001AF7D2 /* StudentUCVideoCell.m in Sources */,
				309A286E1D4B9F85001AF7D2 /* NSDate+ETExtension.m in Sources */,
			);
			runOnlyForDeploymentPostprocessing = 0;
		};
		9C6C4EF51D0EB1F400D91998 /* Sources */ = {
			isa = PBXSourcesBuildPhase;
			buildActionMask = 2147483647;
			files = (
				9C6C4EFE1D0EB1F400D91998 /* ETutorshipTests.m in Sources */,
			);
			runOnlyForDeploymentPostprocessing = 0;
		};
		9C6C4F001D0EB1F400D91998 /* Sources */ = {
			isa = PBXSourcesBuildPhase;
			buildActionMask = 2147483647;
			files = (
				9C6C4F091D0EB1F400D91998 /* ETutorshipUITests.m in Sources */,
			);
			runOnlyForDeploymentPostprocessing = 0;
		};
/* End PBXSourcesBuildPhase section */

/* Begin PBXTargetDependency section */
		9C6C4EFB1D0EB1F400D91998 /* PBXTargetDependency */ = {
			isa = PBXTargetDependency;
			target = 9C6C4EDF1D0EB1F400D91998 /* ETutorship */;
			targetProxy = 9C6C4EFA1D0EB1F400D91998 /* PBXContainerItemProxy */;
		};
		9C6C4F061D0EB1F400D91998 /* PBXTargetDependency */ = {
			isa = PBXTargetDependency;
			target = 9C6C4EDF1D0EB1F400D91998 /* ETutorship */;
			targetProxy = 9C6C4F051D0EB1F400D91998 /* PBXContainerItemProxy */;
		};
/* End PBXTargetDependency section */

/* Begin PBXVariantGroup section */
		9C6C4EF11D0EB1F400D91998 /* LaunchScreen.storyboard */ = {
			isa = PBXVariantGroup;
			children = (
				9C6C4EF21D0EB1F400D91998 /* Base */,
			);
			name = LaunchScreen.storyboard;
			sourceTree = "<group>";
		};
/* End PBXVariantGroup section */

/* Begin XCBuildConfiguration section */
		9C6C4F0B1D0EB1F400D91998 /* Debug */ = {
			isa = XCBuildConfiguration;
			buildSettings = {
				ALWAYS_SEARCH_USER_PATHS = NO;
				CLANG_ANALYZER_NONNULL = YES;
				CLANG_CXX_LANGUAGE_STANDARD = "gnu++0x";
				CLANG_CXX_LIBRARY = "libc++";
				CLANG_ENABLE_MODULES = YES;
				CLANG_ENABLE_OBJC_ARC = YES;
				CLANG_WARN_BOOL_CONVERSION = YES;
				CLANG_WARN_CONSTANT_CONVERSION = YES;
				CLANG_WARN_DIRECT_OBJC_ISA_USAGE = YES_ERROR;
				CLANG_WARN_EMPTY_BODY = YES;
				CLANG_WARN_ENUM_CONVERSION = YES;
				CLANG_WARN_INT_CONVERSION = YES;
				CLANG_WARN_OBJC_ROOT_CLASS = YES_ERROR;
				CLANG_WARN_UNREACHABLE_CODE = YES;
				CLANG_WARN__DUPLICATE_METHOD_MATCH = YES;
				"CODE_SIGN_IDENTITY[sdk=iphoneos*]" = "iPhone Developer";
				COPY_PHASE_STRIP = NO;
				DEBUG_INFORMATION_FORMAT = dwarf;
				ENABLE_STRICT_OBJC_MSGSEND = YES;
				ENABLE_TESTABILITY = YES;
				GCC_C_LANGUAGE_STANDARD = gnu99;
				GCC_DYNAMIC_NO_PIC = NO;
				GCC_NO_COMMON_BLOCKS = YES;
				GCC_OPTIMIZATION_LEVEL = 0;
				GCC_PREPROCESSOR_DEFINITIONS = (
					"DEBUG=1",
					"$(inherited)",
				);
				GCC_WARN_64_TO_32_BIT_CONVERSION = YES;
				GCC_WARN_ABOUT_RETURN_TYPE = YES_ERROR;
				GCC_WARN_UNDECLARED_SELECTOR = YES;
				GCC_WARN_UNINITIALIZED_AUTOS = YES_AGGRESSIVE;
				GCC_WARN_UNUSED_FUNCTION = YES;
				GCC_WARN_UNUSED_VARIABLE = YES;
				IPHONEOS_DEPLOYMENT_TARGET = 9.3;
				MTL_ENABLE_DEBUG_INFO = YES;
				ONLY_ACTIVE_ARCH = YES;
				SDKROOT = iphoneos;
				TARGETED_DEVICE_FAMILY = "1,2";
			};
			name = Debug;
		};
		9C6C4F0C1D0EB1F400D91998 /* Release */ = {
			isa = XCBuildConfiguration;
			buildSettings = {
				ALWAYS_SEARCH_USER_PATHS = NO;
				CLANG_ANALYZER_NONNULL = YES;
				CLANG_CXX_LANGUAGE_STANDARD = "gnu++0x";
				CLANG_CXX_LIBRARY = "libc++";
				CLANG_ENABLE_MODULES = YES;
				CLANG_ENABLE_OBJC_ARC = YES;
				CLANG_WARN_BOOL_CONVERSION = YES;
				CLANG_WARN_CONSTANT_CONVERSION = YES;
				CLANG_WARN_DIRECT_OBJC_ISA_USAGE = YES_ERROR;
				CLANG_WARN_EMPTY_BODY = YES;
				CLANG_WARN_ENUM_CONVERSION = YES;
				CLANG_WARN_INT_CONVERSION = YES;
				CLANG_WARN_OBJC_ROOT_CLASS = YES_ERROR;
				CLANG_WARN_UNREACHABLE_CODE = YES;
				CLANG_WARN__DUPLICATE_METHOD_MATCH = YES;
				"CODE_SIGN_IDENTITY[sdk=iphoneos*]" = "iPhone Developer";
				COPY_PHASE_STRIP = NO;
				DEBUG_INFORMATION_FORMAT = "dwarf-with-dsym";
				ENABLE_NS_ASSERTIONS = NO;
				ENABLE_STRICT_OBJC_MSGSEND = YES;
				GCC_C_LANGUAGE_STANDARD = gnu99;
				GCC_NO_COMMON_BLOCKS = YES;
				GCC_WARN_64_TO_32_BIT_CONVERSION = YES;
				GCC_WARN_ABOUT_RETURN_TYPE = YES_ERROR;
				GCC_WARN_UNDECLARED_SELECTOR = YES;
				GCC_WARN_UNINITIALIZED_AUTOS = YES_AGGRESSIVE;
				GCC_WARN_UNUSED_FUNCTION = YES;
				GCC_WARN_UNUSED_VARIABLE = YES;
				IPHONEOS_DEPLOYMENT_TARGET = 9.3;
				MTL_ENABLE_DEBUG_INFO = NO;
				SDKROOT = iphoneos;
				TARGETED_DEVICE_FAMILY = "1,2";
				VALIDATE_PRODUCT = YES;
			};
			name = Release;
		};
		9C6C4F0E1D0EB1F400D91998 /* Debug */ = {
			isa = XCBuildConfiguration;
			baseConfigurationReference = 526F1EF6B38B00E776F7D8E0 /* Pods.debug.xcconfig */;
			buildSettings = {
				ASSETCATALOG_COMPILER_APPICON_NAME = AppIcon;
				ASSETCATALOG_COMPILER_LAUNCHIMAGE_NAME = LaunchImage;
				GCC_PRECOMPILE_PREFIX_HEADER = YES;
				GCC_PREFIX_HEADER = "ETutorship/Classes/Other/ETutorship-prefix.pch";
				INFOPLIST_FILE = ETutorship/Info.plist;
				IPHONEOS_DEPLOYMENT_TARGET = 7.0;
				LD_RUNPATH_SEARCH_PATHS = "$(inherited) @executable_path/Frameworks";
				PRODUCT_BUNDLE_IDENTIFIER = com.ETutorship.www;
				PRODUCT_NAME = "$(TARGET_NAME)";
				TARGETED_DEVICE_FAMILY = 1;
			};
			name = Debug;
		};
		9C6C4F0F1D0EB1F400D91998 /* Release */ = {
			isa = XCBuildConfiguration;
			baseConfigurationReference = 752C5A9E0EFF9E9400BB01E8 /* Pods.release.xcconfig */;
			buildSettings = {
				ASSETCATALOG_COMPILER_APPICON_NAME = AppIcon;
				ASSETCATALOG_COMPILER_LAUNCHIMAGE_NAME = LaunchImage;
				GCC_PRECOMPILE_PREFIX_HEADER = YES;
				GCC_PREFIX_HEADER = "ETutorship/Classes/Other/ETutorship-prefix.pch";
				INFOPLIST_FILE = ETutorship/Info.plist;
				IPHONEOS_DEPLOYMENT_TARGET = 7.0;
				LD_RUNPATH_SEARCH_PATHS = "$(inherited) @executable_path/Frameworks";
				PRODUCT_BUNDLE_IDENTIFIER = com.ETutorship.www;
				PRODUCT_NAME = "$(TARGET_NAME)";
				TARGETED_DEVICE_FAMILY = 1;
			};
			name = Release;
		};
		9C6C4F111D0EB1F400D91998 /* Debug */ = {
			isa = XCBuildConfiguration;
			buildSettings = {
				BUNDLE_LOADER = "$(TEST_HOST)";
				INFOPLIST_FILE = ETutorshipTests/Info.plist;
				LD_RUNPATH_SEARCH_PATHS = "$(inherited) @executable_path/Frameworks @loader_path/Frameworks";
				PRODUCT_BUNDLE_IDENTIFIER = AutoLayoutTest.ETutorshipTests;
				PRODUCT_NAME = "$(TARGET_NAME)";
				TEST_HOST = "$(BUILT_PRODUCTS_DIR)/ETutorship.app/ETutorship";
			};
			name = Debug;
		};
		9C6C4F121D0EB1F400D91998 /* Release */ = {
			isa = XCBuildConfiguration;
			buildSettings = {
				BUNDLE_LOADER = "$(TEST_HOST)";
				INFOPLIST_FILE = ETutorshipTests/Info.plist;
				LD_RUNPATH_SEARCH_PATHS = "$(inherited) @executable_path/Frameworks @loader_path/Frameworks";
				PRODUCT_BUNDLE_IDENTIFIER = AutoLayoutTest.ETutorshipTests;
				PRODUCT_NAME = "$(TARGET_NAME)";
				TEST_HOST = "$(BUILT_PRODUCTS_DIR)/ETutorship.app/ETutorship";
			};
			name = Release;
		};
		9C6C4F141D0EB1F400D91998 /* Debug */ = {
			isa = XCBuildConfiguration;
			buildSettings = {
				INFOPLIST_FILE = ETutorshipUITests/Info.plist;
				LD_RUNPATH_SEARCH_PATHS = "$(inherited) @executable_path/Frameworks @loader_path/Frameworks";
				PRODUCT_BUNDLE_IDENTIFIER = AutoLayoutTest.ETutorshipUITests;
				PRODUCT_NAME = "$(TARGET_NAME)";
				TEST_TARGET_NAME = ETutorship;
			};
			name = Debug;
		};
		9C6C4F151D0EB1F400D91998 /* Release */ = {
			isa = XCBuildConfiguration;
			buildSettings = {
				INFOPLIST_FILE = ETutorshipUITests/Info.plist;
				LD_RUNPATH_SEARCH_PATHS = "$(inherited) @executable_path/Frameworks @loader_path/Frameworks";
				PRODUCT_BUNDLE_IDENTIFIER = AutoLayoutTest.ETutorshipUITests;
				PRODUCT_NAME = "$(TARGET_NAME)";
				TEST_TARGET_NAME = ETutorship;
			};
			name = Release;
		};
/* End XCBuildConfiguration section */

/* Begin XCConfigurationList section */
		9C6C4EDB1D0EB1F400D91998 /* Build configuration list for PBXProject "ETutorship" */ = {
			isa = XCConfigurationList;
			buildConfigurations = (
				9C6C4F0B1D0EB1F400D91998 /* Debug */,
				9C6C4F0C1D0EB1F400D91998 /* Release */,
			);
			defaultConfigurationIsVisible = 0;
			defaultConfigurationName = Release;
		};
		9C6C4F0D1D0EB1F400D91998 /* Build configuration list for PBXNativeTarget "ETutorship" */ = {
			isa = XCConfigurationList;
			buildConfigurations = (
				9C6C4F0E1D0EB1F400D91998 /* Debug */,
				9C6C4F0F1D0EB1F400D91998 /* Release */,
			);
			defaultConfigurationIsVisible = 0;
			defaultConfigurationName = Release;
		};
		9C6C4F101D0EB1F400D91998 /* Build configuration list for PBXNativeTarget "ETutorshipTests" */ = {
			isa = XCConfigurationList;
			buildConfigurations = (
				9C6C4F111D0EB1F400D91998 /* Debug */,
				9C6C4F121D0EB1F400D91998 /* Release */,
			);
			defaultConfigurationIsVisible = 0;
			defaultConfigurationName = Release;
		};
		9C6C4F131D0EB1F400D91998 /* Build configuration list for PBXNativeTarget "ETutorshipUITests" */ = {
			isa = XCConfigurationList;
			buildConfigurations = (
				9C6C4F141D0EB1F400D91998 /* Debug */,
				9C6C4F151D0EB1F400D91998 /* Release */,
			);
			defaultConfigurationIsVisible = 0;
			defaultConfigurationName = Release;
		};
/* End XCConfigurationList section */
	};
	rootObject = 9C6C4ED81D0EB1F400D91998 /* Project object */;
}
